
Microsoft Visual Studio Solution File, Format Version 12.00
# Visual Studio 15
VisualStudioVersion = 15.0.28010.2026
MinimumVisualStudioVersion = 10.0.40219.1
Project("{FAE04EC0-301F-11D3-BF4B-00C04F79EFBC}") = "UBNT.Android", "UBNT\UBNT.Android\UBNT.Android.csproj", "{DFF3846C-5D5C-4466-8717-68173E740E3C}"
EndProject
Project("{FAE04EC0-301F-11D3-BF4B-00C04F79EFBC}") = "UBNT.iOS", "UBNT\UBNT.iOS\UBNT.iOS.csproj", "{464B0C9E-AE67-4610-97F1-757205A6B1F0}"
EndProject
Project("{FAE04EC0-301F-11D3-BF4B-00C04F79EFBC}") = "UBNT.UWP", "UBNT\UBNT.UWP\UBNT.UWP.csproj", "{1801ED17-E4D9-47E1-BAEB-2C0CD159E5EF}"
EndProject
Project("{FAE04EC0-301F-11D3-BF4B-00C04F79EFBC}") = "UBNT", "UBNT\UBNT\UBNT.csproj", "{9226CA47-4AAC-41B7-A121-F979A00EEE11}"
EndProject
Global
	GlobalSection(SolutionConfigurationPlatforms) = preSolution
		Ad-Hoc|Any CPU = Ad-Hoc|Any CPU
		Ad-Hoc|ARM = Ad-Hoc|ARM
		Ad-Hoc|iPhone = Ad-Hoc|iPhone
		Ad-Hoc|iPhoneSimulator = Ad-Hoc|iPhoneSimulator
		Ad-Hoc|x64 = Ad-Hoc|x64
		Ad-Hoc|x86 = Ad-Hoc|x86
		AppStore|Any CPU = AppStore|Any CPU
		AppStore|ARM = AppStore|ARM
		AppStore|iPhone = AppStore|iPhone
		AppStore|iPhoneSimulator = AppStore|iPhoneSimulator
		AppStore|x64 = AppStore|x64
		AppStore|x86 = AppStore|x86
		Debug|Any CPU = Debug|Any CPU
		Debug|ARM = Debug|ARM
		Debug|iPhone = Debug|iPhone
		Debug|iPhoneSimulator = Debug|iPhoneSimulator
		Debug|x64 = Debug|x64
		Debug|x86 = Debug|x86
		Release|Any CPU = Release|Any CPU
		Release|ARM = Release|ARM
		Release|iPhone = Release|iPhone
		Release|iPhoneSimulator = Release|iPhoneSimulator
		Release|x64 = Release|x64
		Release|x86 = Release|x86
	EndGlobalSection
	GlobalSection(ProjectConfigurationPlatforms) = postSolution
		{DFF3846C-5D5C-4466-8717-68173E740E3C}.Ad-Hoc|Any CPU.ActiveCfg = Release|Any CPU
		{DFF3846C-5D5C-4466-8717-68173E740E3C}.Ad-Hoc|Any CPU.Build.0 = Release|Any CPU
		{DFF3846C-5D5C-4466-8717-68173E740E3C}.Ad-Hoc|Any CPU.Deploy.0 = Release|Any CPU
		{DFF3846C-5D5C-4466-8717-68173E740E3C}.Ad-Hoc|ARM.ActiveCfg = Release|Any CPU
		{DFF3846C-5D5C-4466-8717-68173E740E3C}.Ad-Hoc|ARM.Build.0 = Release|Any CPU
		{DFF3846C-5D5C-4466-8717-68173E740E3C}.Ad-Hoc|ARM.Deploy.0 = Release|Any CPU
		{DFF3846C-5D5C-4466-8717-68173E740E3C}.Ad-Hoc|iPhone.ActiveCfg = Release|Any CPU
		{DFF3846C-5D5C-4466-8717-68173E740E3C}.Ad-Hoc|iPhone.Build.0 = Release|Any CPU
		{DFF3846C-5D5C-4466-8717-68173E740E3C}.Ad-Hoc|iPhone.Deploy.0 = Release|Any CPU
		{DFF3846C-5D5C-4466-8717-68173E740E3C}.Ad-Hoc|iPhoneSimulator.ActiveCfg = Release|Any CPU
		{DFF3846C-5D5C-4466-8717-68173E740E3C}.Ad-Hoc|iPhoneSimulator.Build.0 = Release|Any CPU
		{DFF3846C-5D5C-4466-8717-68173E740E3C}.Ad-Hoc|iPhoneSimulator.Deploy.0 = Release|Any CPU
		{DFF3846C-5D5C-4466-8717-68173E740E3C}.Ad-Hoc|x64.ActiveCfg = Release|Any CPU
		{DFF3846C-5D5C-4466-8717-68173E740E3C}.Ad-Hoc|x64.Build.0 = Release|Any CPU
		{DFF3846C-5D5C-4466-8717-68173E740E3C}.Ad-Hoc|x64.Deploy.0 = Release|Any CPU
		{DFF3846C-5D5C-4466-8717-68173E740E3C}.Ad-Hoc|x86.ActiveCfg = Release|Any CPU
		{DFF3846C-5D5C-4466-8717-68173E740E3C}.Ad-Hoc|x86.Build.0 = Release|Any CPU
		{DFF3846C-5D5C-4466-8717-68173E740E3C}.Ad-Hoc|x86.Deploy.0 = Release|Any CPU
		{DFF3846C-5D5C-4466-8717-68173E740E3C}.AppStore|Any CPU.ActiveCfg = Release|Any CPU
		{DFF3846C-5D5C-4466-8717-68173E740E3C}.AppStore|Any CPU.Build.0 = Release|Any CPU
		{DFF3846C-5D5C-4466-8717-68173E740E3C}.AppStore|Any CPU.Deploy.0 = Release|Any CPU
		{DFF3846C-5D5C-4466-8717-68173E740E3C}.AppStore|ARM.ActiveCfg = Release|Any CPU
		{DFF3846C-5D5C-4466-8717-68173E740E3C}.AppStore|ARM.Build.0 = Release|Any CPU
		{DFF3846C-5D5C-4466-8717-68173E740E3C}.AppStore|ARM.Deploy.0 = Release|Any CPU
		{DFF3846C-5D5C-4466-8717-68173E740E3C}.AppStore|iPhone.ActiveCfg = Release|Any CPU
		{DFF3846C-5D5C-4466-8717-68173E740E3C}.AppStore|iPhone.Build.0 = Release|Any CPU
		{DFF3846C-5D5C-4466-8717-68173E740E3C}.AppStore|iPhone.Deploy.0 = Release|Any CPU
		{DFF3846C-5D5C-4466-8717-68173E740E3C}.AppStore|iPhoneSimulator.ActiveCfg = Release|Any CPU
		{DFF3846C-5D5C-4466-8717-68173E740E3C}.AppStore|iPhoneSimulator.Build.0 = Release|Any CPU
		{DFF3846C-5D5C-4466-8717-68173E740E3C}.AppStore|iPhoneSimulator.Deploy.0 = Release|Any CPU
		{DFF3846C-5D5C-4466-8717-68173E740E3C}.AppStore|x64.ActiveCfg = Release|Any CPU
		{DFF3846C-5D5C-4466-8717-68173E740E3C}.AppStore|x64.Build.0 = Release|Any CPU
		{DFF3846C-5D5C-4466-8717-68173E740E3C}.AppStore|x64.Deploy.0 = Release|Any CPU
		{DFF3846C-5D5C-4466-8717-68173E740E3C}.AppStore|x86.ActiveCfg = Release|Any CPU
		{DFF3846C-5D5C-4466-8717-68173E740E3C}.AppStore|x86.Build.0 = Release|Any CPU
		{DFF3846C-5D5C-4466-8717-68173E740E3C}.AppStore|x86.Deploy.0 = Release|Any CPU
		{DFF3846C-5D5C-4466-8717-68173E740E3C}.Debug|Any CPU.ActiveCfg = Debug|Any CPU
		{DFF3846C-5D5C-4466-8717-68173E740E3C}.Debug|Any CPU.Build.0 = Debug|Any CPU
		{DFF3846C-5D5C-4466-8717-68173E740E3C}.Debug|Any CPU.Deploy.0 = Debug|Any CPU
		{DFF3846C-5D5C-4466-8717-68173E740E3C}.Debug|ARM.ActiveCfg = Debug|Any CPU
		{DFF3846C-5D5C-4466-8717-68173E740E3C}.Debug|ARM.Build.0 = Debug|Any CPU
		{DFF3846C-5D5C-4466-8717-68173E740E3C}.Debug|ARM.Deploy.0 = Debug|Any CPU
		{DFF3846C-5D5C-4466-8717-68173E740E3C}.Debug|iPhone.ActiveCfg = Debug|Any CPU
		{DFF3846C-5D5C-4466-8717-68173E740E3C}.Debug|iPhone.Build.0 = Debug|Any CPU
		{DFF3846C-5D5C-4466-8717-68173E740E3C}.Debug|iPhone.Deploy.0 = Debug|Any CPU
		{DFF3846C-5D5C-4466-8717-68173E740E3C}.Debug|iPhoneSimulator.ActiveCfg = Debug|Any CPU
		{DFF3846C-5D5C-4466-8717-68173E740E3C}.Debug|iPhoneSimulator.Build.0 = Debug|Any CPU
		{DFF3846C-5D5C-4466-8717-68173E740E3C}.Debug|iPhoneSimulator.Deploy.0 = Debug|Any CPU
		{DFF3846C-5D5C-4466-8717-68173E740E3C}.Debug|x64.ActiveCfg = Debug|Any CPU
		{DFF3846C-5D5C-4466-8717-68173E740E3C}.Debug|x64.Build.0 = Debug|Any CPU
		{DFF3846C-5D5C-4466-8717-68173E740E3C}.Debug|x64.Deploy.0 = Debug|Any CPU
		{DFF3846C-5D5C-4466-8717-68173E740E3C}.Debug|x86.ActiveCfg = Debug|Any CPU
		{DFF3846C-5D5C-4466-8717-68173E740E3C}.Debug|x86.Build.0 = Debug|Any CPU
		{DFF3846C-5D5C-4466-8717-68173E740E3C}.Debug|x86.Deploy.0 = Debug|Any CPU
		{DFF3846C-5D5C-4466-8717-68173E740E3C}.Release|Any CPU.ActiveCfg = Release|Any CPU
		{DFF3846C-5D5C-4466-8717-68173E740E3C}.Release|Any CPU.Build.0 = Release|Any CPU
		{DFF3846C-5D5C-4466-8717-68173E740E3C}.Release|Any CPU.Deploy.0 = Release|Any CPU
		{DFF3846C-5D5C-4466-8717-68173E740E3C}.Release|ARM.ActiveCfg = Release|Any CPU
		{DFF3846C-5D5C-4466-8717-68173E740E3C}.Release|ARM.Build.0 = Release|Any CPU
		{DFF3846C-5D5C-4466-8717-68173E740E3C}.Release|ARM.Deploy.0 = Release|Any CPU
		{DFF3846C-5D5C-4466-8717-68173E740E3C}.Release|iPhone.ActiveCfg = Release|Any CPU
		{DFF3846C-5D5C-4466-8717-68173E740E3C}.Release|iPhone.Build.0 = Release|Any CPU
		{DFF3846C-5D5C-4466-8717-68173E740E3C}.Release|iPhone.Deploy.0 = Release|Any CPU
		{DFF3846C-5D5C-4466-8717-68173E740E3C}.Release|iPhoneSimulator.ActiveCfg = Release|Any CPU
		{DFF3846C-5D5C-4466-8717-68173E740E3C}.Release|iPhoneSimulator.Build.0 = Release|Any CPU
		{DFF3846C-5D5C-4466-8717-68173E740E3C}.Release|iPhoneSimulator.Deploy.0 = Release|Any CPU
		{DFF3846C-5D5C-4466-8717-68173E740E3C}.Release|x64.ActiveCfg = Release|Any CPU
		{DFF3846C-5D5C-4466-8717-68173E740E3C}.Release|x64.Build.0 = Release|Any CPU
		{DFF3846C-5D5C-4466-8717-68173E740E3C}.Release|x64.Deploy.0 = Release|Any CPU
		{DFF3846C-5D5C-4466-8717-68173E740E3C}.Release|x86.ActiveCfg = Release|Any CPU
		{DFF3846C-5D5C-4466-8717-68173E740E3C}.Release|x86.Build.0 = Release|Any CPU
		{DFF3846C-5D5C-4466-8717-68173E740E3C}.Release|x86.Deploy.0 = Release|Any CPU
		{464B0C9E-AE67-4610-97F1-757205A6B1F0}.Ad-Hoc|Any CPU.ActiveCfg = Ad-Hoc|iPhone
		{464B0C9E-AE67-4610-97F1-757205A6B1F0}.Ad-Hoc|Any CPU.Build.0 = Ad-Hoc|iPhone
		{464B0C9E-AE67-4610-97F1-757205A6B1F0}.Ad-Hoc|Any CPU.Deploy.0 = Ad-Hoc|iPhone
		{464B0C9E-AE67-4610-97F1-757205A6B1F0}.Ad-Hoc|ARM.ActiveCfg = Ad-Hoc|iPhone
		{464B0C9E-AE67-4610-97F1-757205A6B1F0}.Ad-Hoc|ARM.Build.0 = Ad-Hoc|iPhone
		{464B0C9E-AE67-4610-97F1-757205A6B1F0}.Ad-Hoc|ARM.Deploy.0 = Ad-Hoc|iPhone
		{464B0C9E-AE67-4610-97F1-757205A6B1F0}.Ad-Hoc|iPhone.ActiveCfg = Ad-Hoc|iPhone
		{464B0C9E-AE67-4610-97F1-757205A6B1F0}.Ad-Hoc|iPhone.Build.0 = Ad-Hoc|iPhone
		{464B0C9E-AE67-4610-97F1-757205A6B1F0}.Ad-Hoc|iPhone.Deploy.0 = Ad-Hoc|iPhone
		{464B0C9E-AE67-4610-97F1-757205A6B1F0}.Ad-Hoc|iPhoneSimulator.ActiveCfg = Ad-Hoc|iPhoneSimulator
		{464B0C9E-AE67-4610-97F1-757205A6B1F0}.Ad-Hoc|iPhoneSimulator.Build.0 = Ad-Hoc|iPhoneSimulator
		{464B0C9E-AE67-4610-97F1-757205A6B1F0}.Ad-Hoc|iPhoneSimulator.Deploy.0 = Ad-Hoc|iPhoneSimulator
		{464B0C9E-AE67-4610-97F1-757205A6B1F0}.Ad-Hoc|x64.ActiveCfg = Ad-Hoc|iPhone
		{464B0C9E-AE67-4610-97F1-757205A6B1F0}.Ad-Hoc|x64.Build.0 = Ad-Hoc|iPhone
		{464B0C9E-AE67-4610-97F1-757205A6B1F0}.Ad-Hoc|x64.Deploy.0 = Ad-Hoc|iPhone
		{464B0C9E-AE67-4610-97F1-757205A6B1F0}.Ad-Hoc|x86.ActiveCfg = Ad-Hoc|iPhone
		{464B0C9E-AE67-4610-97F1-757205A6B1F0}.Ad-Hoc|x86.Build.0 = Ad-Hoc|iPhone
		{464B0C9E-AE67-4610-97F1-757205A6B1F0}.Ad-Hoc|x86.Deploy.0 = Ad-Hoc|iPhone
		{464B0C9E-AE67-4610-97F1-757205A6B1F0}.AppStore|Any CPU.ActiveCfg = AppStore|iPhone
		{464B0C9E-AE67-4610-97F1-757205A6B1F0}.AppStore|Any CPU.Build.0 = AppStore|iPhone
		{464B0C9E-AE67-4610-97F1-757205A6B1F0}.AppStore|Any CPU.Deploy.0 = AppStore|iPhone
		{464B0C9E-AE67-4610-97F1-757205A6B1F0}.AppStore|ARM.ActiveCfg = AppStore|iPhone
		{464B0C9E-AE67-4610-97F1-757205A6B1F0}.AppStore|ARM.Build.0 = AppStore|iPhone
		{464B0C9E-AE67-4610-97F1-757205A6B1F0}.AppStore|ARM.Deploy.0 = AppStore|iPhone
		{464B0C9E-AE67-4610-97F1-757205A6B1F0}.AppStore|iPhone.ActiveCfg = AppStore|iPhone
		{464B0C9E-AE67-4610-97F1-757205A6B1F0}.AppStore|iPhone.Build.0 = AppStore|iPhone
		{464B0C9E-AE67-4610-97F1-757205A6B1F0}.AppStore|iPhone.Deploy.0 = AppStore|iPhone
		{464B0C9E-AE67-4610-97F1-757205A6B1F0}.AppStore|iPhoneSimulator.ActiveCfg = AppStore|iPhoneSimulator
		{464B0C9E-AE67-4610-97F1-757205A6B1F0}.AppStore|iPhoneSimulator.Build.0 = AppStore|iPhoneSimulator
		{464B0C9E-AE67-4610-97F1-757205A6B1F0}.AppStore|iPhoneSimulator.Deploy.0 = AppStore|iPhoneSimulator
		{464B0C9E-AE67-4610-97F1-757205A6B1F0}.AppStore|x64.ActiveCfg = AppStore|iPhone
		{464B0C9E-AE67-4610-97F1-757205A6B1F0}.AppStore|x64.Build.0 = AppStore|iPhone
		{464B0C9E-AE67-4610-97F1-757205A6B1F0}.AppStore|x64.Deploy.0 = AppStore|iPhone
		{464B0C9E-AE67-4610-97F1-757205A6B1F0}.AppStore|x86.ActiveCfg = AppStore|iPhone
		{464B0C9E-AE67-4610-97F1-757205A6B1F0}.AppStore|x86.Build.0 = AppStore|iPhone
		{464B0C9E-AE67-4610-97F1-757205A6B1F0}.AppStore|x86.Deploy.0 = AppStore|iPhone
		{464B0C9E-AE67-4610-97F1-757205A6B1F0}.Debug|Any CPU.ActiveCfg = Debug|iPhoneSimulator
		{464B0C9E-AE67-4610-97F1-757205A6B1F0}.Debug|Any CPU.Build.0 = Debug|iPhoneSimulator
		{464B0C9E-AE67-4610-97F1-757205A6B1F0}.Debug|Any CPU.Deploy.0 = Debug|iPhoneSimulator
		{464B0C9E-AE67-4610-97F1-757205A6B1F0}.Debug|ARM.ActiveCfg = Debug|iPhone
		{464B0C9E-AE67-4610-97F1-757205A6B1F0}.Debug|ARM.Build.0 = Debug|iPhone
		{464B0C9E-AE67-4610-97F1-757205A6B1F0}.Debug|ARM.Deploy.0 = Debug|iPhone
		{464B0C9E-AE67-4610-97F1-757205A6B1F0}.Debug|iPhone.ActiveCfg = Debug|iPhone
		{464B0C9E-AE67-4610-97F1-757205A6B1F0}.Debug|iPhone.Build.0 = Debug|iPhone
		{464B0C9E-AE67-4610-97F1-757205A6B1F0}.Debug|iPhone.Deploy.0 = Debug|iPhone
		{464B0C9E-AE67-4610-97F1-757205A6B1F0}.Debug|iPhoneSimulator.ActiveCfg = Debug|iPhoneSimulator
		{464B0C9E-AE67-4610-97F1-757205A6B1F0}.Debug|iPhoneSimulator.Build.0 = Debug|iPhoneSimulator
		{464B0C9E-AE67-4610-97F1-757205A6B1F0}.Debug|iPhoneSimulator.Deploy.0 = Debug|iPhoneSimulator
		{464B0C9E-AE67-4610-97F1-757205A6B1F0}.Debug|x64.ActiveCfg = Debug|iPhone
		{464B0C9E-AE67-4610-97F1-757205A6B1F0}.Debug|x64.Build.0 = Debug|iPhone
		{464B0C9E-AE67-4610-97F1-757205A6B1F0}.Debug|x64.Deploy.0 = Debug|iPhone
		{464B0C9E-AE67-4610-97F1-757205A6B1F0}.Debug|x86.ActiveCfg = Debug|iPhone
		{464B0C9E-AE67-4610-97F1-757205A6B1F0}.Debug|x86.Build.0 = Debug|iPhone
		{464B0C9E-AE67-4610-97F1-757205A6B1F0}.Debug|x86.Deploy.0 = Debug|iPhone
		{464B0C9E-AE67-4610-97F1-757205A6B1F0}.Release|Any CPU.ActiveCfg = Release|iPhone
		{464B0C9E-AE67-4610-97F1-757205A6B1F0}.Release|Any CPU.Build.0 = Release|iPhone
		{464B0C9E-AE67-4610-97F1-757205A6B1F0}.Release|Any CPU.Deploy.0 = Release|iPhone
		{464B0C9E-AE67-4610-97F1-757205A6B1F0}.Release|ARM.ActiveCfg = Release|iPhone
		{464B0C9E-AE67-4610-97F1-757205A6B1F0}.Release|ARM.Build.0 = Release|iPhone
		{464B0C9E-AE67-4610-97F1-757205A6B1F0}.Release|ARM.Deploy.0 = Release|iPhone
		{464B0C9E-AE67-4610-97F1-757205A6B1F0}.Release|iPhone.ActiveCfg = Release|iPhone
		{464B0C9E-AE67-4610-97F1-757205A6B1F0}.Release|iPhone.Build.0 = Release|iPhone
		{464B0C9E-AE67-4610-97F1-757205A6B1F0}.Release|iPhone.Deploy.0 = Release|iPhone
		{464B0C9E-AE67-4610-97F1-757205A6B1F0}.Release|iPhoneSimulator.ActiveCfg = Release|iPhoneSimulator
		{464B0C9E-AE67-4610-97F1-757205A6B1F0}.Release|iPhoneSimulator.Build.0 = Release|iPhoneSimulator
		{464B0C9E-AE67-4610-97F1-757205A6B1F0}.Release|iPhoneSimulator.Deploy.0 = Release|iPhoneSimulator
		{464B0C9E-AE67-4610-97F1-757205A6B1F0}.Release|x64.ActiveCfg = Release|iPhone
		{464B0C9E-AE67-4610-97F1-757205A6B1F0}.Release|x64.Build.0 = Release|iPhone
		{464B0C9E-AE67-4610-97F1-757205A6B1F0}.Release|x64.Deploy.0 = Release|iPhone
		{464B0C9E-AE67-4610-97F1-757205A6B1F0}.Release|x86.ActiveCfg = Release|iPhone
		{464B0C9E-AE67-4610-97F1-757205A6B1F0}.Release|x86.Build.0 = Release|iPhone
		{464B0C9E-AE67-4610-97F1-757205A6B1F0}.Release|x86.Deploy.0 = Release|iPhone
		{1801ED17-E4D9-47E1-BAEB-2C0CD159E5EF}.Ad-Hoc|Any CPU.ActiveCfg = Release|x86
		{1801ED17-E4D9-47E1-BAEB-2C0CD159E5EF}.Ad-Hoc|Any CPU.Build.0 = Release|x86
		{1801ED17-E4D9-47E1-BAEB-2C0CD159E5EF}.Ad-Hoc|Any CPU.Deploy.0 = Release|x86
		{1801ED17-E4D9-47E1-BAEB-2C0CD159E5EF}.Ad-Hoc|ARM.ActiveCfg = Release|ARM
		{1801ED17-E4D9-47E1-BAEB-2C0CD159E5EF}.Ad-Hoc|ARM.Build.0 = Release|ARM
		{1801ED17-E4D9-47E1-BAEB-2C0CD159E5EF}.Ad-Hoc|ARM.Deploy.0 = Release|ARM
		{1801ED17-E4D9-47E1-BAEB-2C0CD159E5EF}.Ad-Hoc|iPhone.ActiveCfg = Release|x86
		{1801ED17-E4D9-47E1-BAEB-2C0CD159E5EF}.Ad-Hoc|iPhone.Build.0 = Release|x86
		{1801ED17-E4D9-47E1-BAEB-2C0CD159E5EF}.Ad-Hoc|iPhone.Deploy.0 = Release|x86
		{1801ED17-E4D9-47E1-BAEB-2C0CD159E5EF}.Ad-Hoc|iPhoneSimulator.ActiveCfg = Release|x86
		{1801ED17-E4D9-47E1-BAEB-2C0CD159E5EF}.Ad-Hoc|iPhoneSimulator.Build.0 = Release|x86
		{1801ED17-E4D9-47E1-BAEB-2C0CD159E5EF}.Ad-Hoc|iPhoneSimulator.Deploy.0 = Release|x86
		{1801ED17-E4D9-47E1-BAEB-2C0CD159E5EF}.Ad-Hoc|x64.ActiveCfg = Release|x64
		{1801ED17-E4D9-47E1-BAEB-2C0CD159E5EF}.Ad-Hoc|x64.Build.0 = Release|x64
		{1801ED17-E4D9-47E1-BAEB-2C0CD159E5EF}.Ad-Hoc|x64.Deploy.0 = Release|x64
		{1801ED17-E4D9-47E1-BAEB-2C0CD159E5EF}.Ad-Hoc|x86.ActiveCfg = Release|x86
		{1801ED17-E4D9-47E1-BAEB-2C0CD159E5EF}.Ad-Hoc|x86.Build.0 = Release|x86
		{1801ED17-E4D9-47E1-BAEB-2C0CD159E5EF}.Ad-Hoc|x86.Deploy.0 = Release|x86
		{1801ED17-E4D9-47E1-BAEB-2C0CD159E5EF}.AppStore|Any CPU.ActiveCfg = Release|x86
		{1801ED17-E4D9-47E1-BAEB-2C0CD159E5EF}.AppStore|Any CPU.Build.0 = Release|x86
		{1801ED17-E4D9-47E1-BAEB-2C0CD159E5EF}.AppStore|Any CPU.Deploy.0 = Release|x86
		{1801ED17-E4D9-47E1-BAEB-2C0CD159E5EF}.AppStore|ARM.ActiveCfg = Release|ARM
		{1801ED17-E4D9-47E1-BAEB-2C0CD159E5EF}.AppStore|ARM.Build.0 = Release|ARM
		{1801ED17-E4D9-47E1-BAEB-2C0CD159E5EF}.AppStore|ARM.Deploy.0 = Release|ARM
		{1801ED17-E4D9-47E1-BAEB-2C0CD159E5EF}.AppStore|iPhone.ActiveCfg = Release|x86
		{1801ED17-E4D9-47E1-BAEB-2C0CD159E5EF}.AppStore|iPhone.Build.0 = Release|x86
		{1801ED17-E4D9-47E1-BAEB-2C0CD159E5EF}.AppStore|iPhone.Deploy.0 = Release|x86
		{1801ED17-E4D9-47E1-BAEB-2C0CD159E5EF}.AppStore|iPhoneSimulator.ActiveCfg = Release|x86
		{1801ED17-E4D9-47E1-BAEB-2C0CD159E5EF}.AppStore|iPhoneSimulator.Build.0 = Release|x86
		{1801ED17-E4D9-47E1-BAEB-2C0CD159E5EF}.AppStore|iPhoneSimulator.Deploy.0 = Release|x86
		{1801ED17-E4D9-47E1-BAEB-2C0CD159E5EF}.AppStore|x64.ActiveCfg = Release|x64
		{1801ED17-E4D9-47E1-BAEB-2C0CD159E5EF}.AppStore|x64.Build.0 = Release|x64
		{1801ED17-E4D9-47E1-BAEB-2C0CD159E5EF}.AppStore|x64.Deploy.0 = Release|x64
		{1801ED17-E4D9-47E1-BAEB-2C0CD159E5EF}.AppStore|x86.ActiveCfg = Release|x86
		{1801ED17-E4D9-47E1-BAEB-2C0CD159E5EF}.AppStore|x86.Build.0 = Release|x86
		{1801ED17-E4D9-47E1-BAEB-2C0CD159E5EF}.AppStore|x86.Deploy.0 = Release|x86
		{1801ED17-E4D9-47E1-BAEB-2C0CD159E5EF}.Debug|Any CPU.ActiveCfg = Debug|x86
		{1801ED17-E4D9-47E1-BAEB-2C0CD159E5EF}.Debug|Any CPU.Build.0 = Debug|x86
		{1801ED17-E4D9-47E1-BAEB-2C0CD159E5EF}.Debug|Any CPU.Deploy.0 = Debug|x86
		{1801ED17-E4D9-47E1-BAEB-2C0CD159E5EF}.Debug|ARM.ActiveCfg = Debug|ARM
		{1801ED17-E4D9-47E1-BAEB-2C0CD159E5EF}.Debug|ARM.Build.0 = Debug|ARM
		{1801ED17-E4D9-47E1-BAEB-2C0CD159E5EF}.Debug|ARM.Deploy.0 = Debug|ARM
		{1801ED17-E4D9-47E1-BAEB-2C0CD159E5EF}.Debug|iPhone.ActiveCfg = Debug|x86
		{1801ED17-E4D9-47E1-BAEB-2C0CD159E5EF}.Debug|iPhone.Build.0 = Debug|x86
		{1801ED17-E4D9-47E1-BAEB-2C0CD159E5EF}.Debug|iPhone.Deploy.0 = Debug|x86
		{1801ED17-E4D9-47E1-BAEB-2C0CD159E5EF}.Debug|iPhoneSimulator.ActiveCfg = Debug|x86
		{1801ED17-E4D9-47E1-BAEB-2C0CD159E5EF}.Debug|iPhoneSimulator.Build.0 = Debug|x86
		{1801ED17-E4D9-47E1-BAEB-2C0CD159E5EF}.Debug|iPhoneSimulator.Deploy.0 = Debug|x86
		{1801ED17-E4D9-47E1-BAEB-2C0CD159E5EF}.Debug|x64.ActiveCfg = Debug|x64
		{1801ED17-E4D9-47E1-BAEB-2C0CD159E5EF}.Debug|x64.Build.0 = Debug|x64
		{1801ED17-E4D9-47E1-BAEB-2C0CD159E5EF}.Debug|x64.Deploy.0 = Debug|x64
		{1801ED17-E4D9-47E1-BAEB-2C0CD159E5EF}.Debug|x86.ActiveCfg = Debug|x86
		{1801ED17-E4D9-47E1-BAEB-2C0CD159E5EF}.Debug|x86.Build.0 = Debug|x86
		{1801ED17-E4D9-47E1-BAEB-2C0CD159E5EF}.Debug|x86.Deploy.0 = Debug|x86
		{1801ED17-E4D9-47E1-BAEB-2C0CD159E5EF}.Release|Any CPU.ActiveCfg = Release|x86
		{1801ED17-E4D9-47E1-BAEB-2C0CD159E5EF}.Release|Any CPU.Build.0 = Release|x86
		{1801ED17-E4D9-47E1-BAEB-2C0CD159E5EF}.Release|Any CPU.Deploy.0 = Release|x86
		{1801ED17-E4D9-47E1-BAEB-2C0CD159E5EF}.Release|ARM.ActiveCfg = Release|ARM
		{1801ED17-E4D9-47E1-BAEB-2C0CD159E5EF}.Release|ARM.Build.0 = Release|ARM
		{1801ED17-E4D9-47E1-BAEB-2C0CD159E5EF}.Release|ARM.Deploy.0 = Release|ARM
		{1801ED17-E4D9-47E1-BAEB-2C0CD159E5EF}.Release|iPhone.ActiveCfg = Release|x86
		{1801ED17-E4D9-47E1-BAEB-2C0CD159E5EF}.Release|iPhone.Build.0 = Release|x86
		{1801ED17-E4D9-47E1-BAEB-2C0CD159E5EF}.Release|iPhone.Deploy.0 = Release|x86
		{1801ED17-E4D9-47E1-BAEB-2C0CD159E5EF}.Release|iPhoneSimulator.ActiveCfg = Release|x86
		{1801ED17-E4D9-47E1-BAEB-2C0CD159E5EF}.Release|iPhoneSimulator.Build.0 = Release|x86
		{1801ED17-E4D9-47E1-BAEB-2C0CD159E5EF}.Release|iPhoneSimulator.Deploy.0 = Release|x86
		{1801ED17-E4D9-47E1-BAEB-2C0CD159E5EF}.Release|x64.ActiveCfg = Release|x64
		{1801ED17-E4D9-47E1-BAEB-2C0CD159E5EF}.Release|x64.Build.0 = Release|x64
		{1801ED17-E4D9-47E1-BAEB-2C0CD159E5EF}.Release|x64.Deploy.0 = Release|x64
		{1801ED17-E4D9-47E1-BAEB-2C0CD159E5EF}.Release|x86.ActiveCfg = Release|x86
		{1801ED17-E4D9-47E1-BAEB-2C0CD159E5EF}.Release|x86.Build.0 = Release|x86
		{1801ED17-E4D9-47E1-BAEB-2C0CD159E5EF}.Release|x86.Deploy.0 = Release|x86
		{9226CA47-4AAC-41B7-A121-F979A00EEE11}.Ad-Hoc|Any CPU.ActiveCfg = Debug|Any CPU
		{9226CA47-4AAC-41B7-A121-F979A00EEE11}.Ad-Hoc|Any CPU.Build.0 = Debug|Any CPU
		{9226CA47-4AAC-41B7-A121-F979A00EEE11}.Ad-Hoc|Any CPU.Deploy.0 = Debug|Any CPU
		{9226CA47-4AAC-41B7-A121-F979A00EEE11}.Ad-Hoc|ARM.ActiveCfg = Debug|Any CPU
		{9226CA47-4AAC-41B7-A121-F979A00EEE11}.Ad-Hoc|ARM.Build.0 = Debug|Any CPU
		{9226CA47-4AAC-41B7-A121-F979A00EEE11}.Ad-Hoc|ARM.Deploy.0 = Debug|Any CPU
		{9226CA47-4AAC-41B7-A121-F979A00EEE11}.Ad-Hoc|iPhone.ActiveCfg = Debug|Any CPU
		{9226CA47-4AAC-41B7-A121-F979A00EEE11}.Ad-Hoc|iPhone.Build.0 = Debug|Any CPU
		{9226CA47-4AAC-41B7-A121-F979A00EEE11}.Ad-Hoc|iPhone.Deploy.0 = Debug|Any CPU
		{9226CA47-4AAC-41B7-A121-F979A00EEE11}.Ad-Hoc|iPhoneSimulator.ActiveCfg = Debug|Any CPU
		{9226CA47-4AAC-41B7-A121-F979A00EEE11}.Ad-Hoc|iPhoneSimulator.Build.0 = Debug|Any CPU
		{9226CA47-4AAC-41B7-A121-F979A00EEE11}.Ad-Hoc|iPhoneSimulator.Deploy.0 = Debug|Any CPU
		{9226CA47-4AAC-41B7-A121-F979A00EEE11}.Ad-Hoc|x64.ActiveCfg = Debug|Any CPU
		{9226CA47-4AAC-41B7-A121-F979A00EEE11}.Ad-Hoc|x64.Build.0 = Debug|Any CPU
		{9226CA47-4AAC-41B7-A121-F979A00EEE11}.Ad-Hoc|x64.Deploy.0 = Debug|Any CPU
		{9226CA47-4AAC-41B7-A121-F979A00EEE11}.Ad-Hoc|x86.ActiveCfg = Debug|Any CPU
		{9226CA47-4AAC-41B7-A121-F979A00EEE11}.Ad-Hoc|x86.Build.0 = Debug|Any CPU
		{9226CA47-4AAC-41B7-A121-F979A00EEE11}.Ad-Hoc|x86.Deploy.0 = Debug|Any CPU
		{9226CA47-4AAC-41B7-A121-F979A00EEE11}.AppStore|Any CPU.ActiveCfg = Debug|Any CPU
		{9226CA47-4AAC-41B7-A121-F979A00EEE11}.AppStore|Any CPU.Build.0 = Debug|Any CPU
		{9226CA47-4AAC-41B7-A121-F979A00EEE11}.AppStore|Any CPU.Deploy.0 = Debug|Any CPU
		{9226CA47-4AAC-41B7-A121-F979A00EEE11}.AppStore|ARM.ActiveCfg = Debug|Any CPU
		{9226CA47-4AAC-41B7-A121-F979A00EEE11}.AppStore|ARM.Build.0 = Debug|Any CPU
		{9226CA47-4AAC-41B7-A121-F979A00EEE11}.AppStore|ARM.Deploy.0 = Debug|Any CPU
		{9226CA47-4AAC-41B7-A121-F979A00EEE11}.AppStore|iPhone.ActiveCfg = Debug|Any CPU
		{9226CA47-4AAC-41B7-A121-F979A00EEE11}.AppStore|iPhone.Build.0 = Debug|Any CPU
		{9226CA47-4AAC-41B7-A121-F979A00EEE11}.AppStore|iPhone.Deploy.0 = Debug|Any CPU
		{9226CA47-4AAC-41B7-A121-F979A00EEE11}.AppStore|iPhoneSimulator.ActiveCfg = Debug|Any CPU
		{9226CA47-4AAC-41B7-A121-F979A00EEE11}.AppStore|iPhoneSimulator.Build.0 = Debug|Any CPU
		{9226CA47-4AAC-41B7-A121-F979A00EEE11}.AppStore|iPhoneSimulator.Deploy.0 = Debug|Any CPU
		{9226CA47-4AAC-41B7-A121-F979A00EEE11}.AppStore|x64.ActiveCfg = Debug|Any CPU
		{9226CA47-4AAC-41B7-A121-F979A00EEE11}.AppStore|x64.Build.0 = Debug|Any CPU
		{9226CA47-4AAC-41B7-A121-F979A00EEE11}.AppStore|x64.Deploy.0 = Debug|Any CPU
		{9226CA47-4AAC-41B7-A121-F979A00EEE11}.AppStore|x86.ActiveCfg = Debug|Any CPU
		{9226CA47-4AAC-41B7-A121-F979A00EEE11}.AppStore|x86.Build.0 = Debug|Any CPU
		{9226CA47-4AAC-41B7-A121-F979A00EEE11}.AppStore|x86.Deploy.0 = Debug|Any CPU
		{9226CA47-4AAC-41B7-A121-F979A00EEE11}.Debug|Any CPU.ActiveCfg = Debug|Any CPU
		{9226CA47-4AAC-41B7-A121-F979A00EEE11}.Debug|Any CPU.Build.0 = Debug|Any CPU
		{9226CA47-4AAC-41B7-A121-F979A00EEE11}.Debug|Any CPU.Deploy.0 = Debug|Any CPU
		{9226CA47-4AAC-41B7-A121-F979A00EEE11}.Debug|ARM.ActiveCfg = Debug|Any CPU
		{9226CA47-4AAC-41B7-A121-F979A00EEE11}.Debug|ARM.Build.0 = Debug|Any CPU
		{9226CA47-4AAC-41B7-A121-F979A00EEE11}.Debug|ARM.Deploy.0 = Debug|Any CPU
		{9226CA47-4AAC-41B7-A121-F979A00EEE11}.Debug|iPhone.ActiveCfg = Debug|Any CPU
		{9226CA47-4AAC-41B7-A121-F979A00EEE11}.Debug|iPhone.Build.0 = Debug|Any CPU
		{9226CA47-4AAC-41B7-A121-F979A00EEE11}.Debug|iPhone.Deploy.0 = Debug|Any CPU
		{9226CA47-4AAC-41B7-A121-F979A00EEE11}.Debug|iPhoneSimulator.ActiveCfg = Debug|Any CPU
		{9226CA47-4AAC-41B7-A121-F979A00EEE11}.Debug|iPhoneSimulator.Build.0 = Debug|Any CPU
		{9226CA47-4AAC-41B7-A121-F979A00EEE11}.Debug|iPhoneSimulator.Deploy.0 = Debug|Any CPU
		{9226CA47-4AAC-41B7-A121-F979A00EEE11}.Debug|x64.ActiveCfg = Debug|Any CPU
		{9226CA47-4AAC-41B7-A121-F979A00EEE11}.Debug|x64.Build.0 = Debug|Any CPU
		{9226CA47-4AAC-41B7-A121-F979A00EEE11}.Debug|x64.Deploy.0 = Debug|Any CPU
		{9226CA47-4AAC-41B7-A121-F979A00EEE11}.Debug|x86.ActiveCfg = Debug|Any CPU
		{9226CA47-4AAC-41B7-A121-F979A00EEE11}.Debug|x86.Build.0 = Debug|Any CPU
		{9226CA47-4AAC-41B7-A121-F979A00EEE11}.Debug|x86.Deploy.0 = Debug|Any CPU
		{9226CA47-4AAC-41B7-A121-F979A00EEE11}.Release|Any CPU.ActiveCfg = Release|Any CPU
		{9226CA47-4AAC-41B7-A121-F979A00EEE11}.Release|Any CPU.Build.0 = Release|Any CPU
		{9226CA47-4AAC-41B7-A121-F979A00EEE11}.Release|Any CPU.Deploy.0 = Release|Any CPU
		{9226CA47-4AAC-41B7-A121-F979A00EEE11}.Release|ARM.ActiveCfg = Release|Any CPU
		{9226CA47-4AAC-41B7-A121-F979A00EEE11}.Release|ARM.Build.0 = Release|Any CPU
		{9226CA47-4AAC-41B7-A121-F979A00EEE11}.Release|ARM.Deploy.0 = Release|Any CPU
		{9226CA47-4AAC-41B7-A121-F979A00EEE11}.Release|iPhone.ActiveCfg = Release|Any CPU
		{9226CA47-4AAC-41B7-A121-F979A00EEE11}.Release|iPhone.Build.0 = Release|Any CPU
		{9226CA47-4AAC-41B7-A121-F979A00EEE11}.Release|iPhone.Deploy.0 = Release|Any CPU
		{9226CA47-4AAC-41B7-A121-F979A00EEE11}.Release|iPhoneSimulator.ActiveCfg = Release|Any CPU
		{9226CA47-4AAC-41B7-A121-F979A00EEE11}.Release|iPhoneSimulator.Build.0 = Release|Any CPU
		{9226CA47-4AAC-41B7-A121-F979A00EEE11}.Release|iPhoneSimulator.Deploy.0 = Release|Any CPU
		{9226CA47-4AAC-41B7-A121-F979A00EEE11}.Release|x64.ActiveCfg = Release|Any CPU
		{9226CA47-4AAC-41B7-A121-F979A00EEE11}.Release|x64.Build.0 = Release|Any CPU
		{9226CA47-4AAC-41B7-A121-F979A00EEE11}.Release|x64.Deploy.0 = Release|Any CPU
		{9226CA47-4AAC-41B7-A121-F979A00EEE11}.Release|x86.ActiveCfg = Release|Any CPU
		{9226CA47-4AAC-41B7-A121-F979A00EEE11}.Release|x86.Build.0 = Release|Any CPU
		{9226CA47-4AAC-41B7-A121-F979A00EEE11}.Release|x86.Deploy.0 = Release|Any CPU
	EndGlobalSection
	GlobalSection(SolutionProperties) = preSolution
		HideSolutionNode = FALSE
	EndGlobalSection
	GlobalSection(ExtensibilityGlobals) = postSolution
		SolutionGuid = {9B9C8E76-C27B-4E1D-AD9C-CE507CC586C4}
	EndGlobalSection
EndGlobal
